<?xml version="1.0" encoding="utf-8"?>
<Project ToolsVersion="4.0" xmlns="http://schemas.microsoft.com/developer/msbuild/2003">
  <ItemGroup>
    <Filter Include="kernel">
      <UniqueIdentifier>{c2b2afbe-250f-456a-9437-756b153029d9}</UniqueIdentifier>
    </Filter>
    <Filter Include="interface">
      <UniqueIdentifier>{dd2b187e-eb61-444b-9e55-cf493e3baa25}</UniqueIdentifier>
    </Filter>
    <Filter Include="interface\shell">
      <UniqueIdentifier>{456edd04-3aa1-4fd9-92cb-2bbc25fa406d}</UniqueIdentifier>
    </Filter>
    <Filter Include="interface\character_movement">
      <UniqueIdentifier>{db008b58-c8bc-4b9d-9d94-c09e7dd41870}</UniqueIdentifier>
    </Filter>
    <Filter Include="interface\world">
      <UniqueIdentifier>{1bb0f1e3-78d0-44d9-8ce6-ababe878f7b2}</UniqueIdentifier>
    </Filter>
    <Filter Include="physics">
      <UniqueIdentifier>{16004f0c-9f50-44de-828f-8491d4177749}</UniqueIdentifier>
    </Filter>
    <Filter Include="physics\colliders">
      <UniqueIdentifier>{f3f6a442-5078-438c-b7c3-2269c1098ecd}</UniqueIdentifier>
    </Filter>
    <Filter Include="physics\colliders\tri">
      <UniqueIdentifier>{fbcdee1f-b413-48f1-9402-4d669c86450f}</UniqueIdentifier>
    </Filter>
    <Filter Include="physics\colliders\cyl">
      <UniqueIdentifier>{e69452a0-de1a-434b-aef1-9dd5966d823d}</UniqueIdentifier>
    </Filter>
    <Filter Include="physics\colliders\RayMotions">
      <UniqueIdentifier>{c6147fd9-1a47-40eb-b68b-709ac6c7ef5d}</UniqueIdentifier>
    </Filter>
    <Filter Include="physics\ActivationBox">
      <UniqueIdentifier>{5f3badd7-ccc2-4d33-b40a-16cf0aea9c7f}</UniqueIdentifier>
    </Filter>
    <Filter Include="physics\Base">
      <UniqueIdentifier>{6fe78241-2fab-4180-9894-a997f202ad46}</UniqueIdentifier>
    </Filter>
    <Filter Include="physics\Base\Objects">
      <UniqueIdentifier>{a6408eb1-fc0c-4369-92be-8801b2c81aa3}</UniqueIdentifier>
    </Filter>
    <Filter Include="physics\Base\Objects\Utils">
      <UniqueIdentifier>{d1ed1b68-62c1-49b6-aa5a-14ceb7ef2c94}</UniqueIdentifier>
    </Filter>
    <Filter Include="physics\Base\Objects\Utils\Interpolation">
      <UniqueIdentifier>{7e79fdb3-7aee-47ae-9c75-7485b0528f19}</UniqueIdentifier>
    </Filter>
    <Filter Include="physics\Base\Objects\Utils\Storage">
      <UniqueIdentifier>{b93d0814-aade-446a-aa02-35ec7d32c23f}</UniqueIdentifier>
    </Filter>
    <Filter Include="physics\Base\Objects\Utils\Math">
      <UniqueIdentifier>{44fcf0e7-b03a-43b1-abde-15a82cd2afe1}</UniqueIdentifier>
    </Filter>
    <Filter Include="physics\Base\Objects\BodyEffectors">
      <UniqueIdentifier>{1c642f1d-1d5e-4c15-a2a9-cc18ec02b9c0}</UniqueIdentifier>
    </Filter>
    <Filter Include="physics\Base\Objects\PHNet">
      <UniqueIdentifier>{8cbaf4e0-6062-4041-bb9e-ca8986e3d337}</UniqueIdentifier>
    </Filter>
    <Filter Include="physics\Base\Objects\MoveStorage">
      <UniqueIdentifier>{b07526f8-1ae2-4682-b245-683cca9a9d45}</UniqueIdentifier>
    </Filter>
    <Filter Include="physics\Base\Objects\Disabling">
      <UniqueIdentifier>{13943303-c07d-4f31-bf27-af8fe40229ad}</UniqueIdentifier>
    </Filter>
    <Filter Include="physics\Base\Objects\PhyMove">
      <UniqueIdentifier>{c0e6417a-4ef7-44ba-99f6-89980c822374}</UniqueIdentifier>
    </Filter>
    <Filter Include="physics\Base\Objects\PhyMove\ActorCaracter">
      <UniqueIdentifier>{a242d81d-59fa-411e-9d37-61d249dec047}</UniqueIdentifier>
    </Filter>
    <Filter Include="physics\Base\Objects\PhyMove\AICharacter">
      <UniqueIdentifier>{3cf40e7a-adba-4649-b68c-a435a4d3489f}</UniqueIdentifier>
    </Filter>
    <Filter Include="physics\Base\Objects\PhyMove\Capture">
      <UniqueIdentifier>{42841809-fad7-4038-b0bb-c6783518b48d}</UniqueIdentifier>
    </Filter>
    <Filter Include="physics\Base\Objects\PhyMove\SipmpleCharacter">
      <UniqueIdentifier>{896eda8b-68d1-4f25-b18f-d42fb0fe437a}</UniqueIdentifier>
    </Filter>
    <Filter Include="physics\Base\Objects\PhyMove\BaseCharacter">
      <UniqueIdentifier>{01909a77-f141-49a8-8e4d-d3b7ee9aabf7}</UniqueIdentifier>
    </Filter>
    <Filter Include="physics\Base\Objects\BaseShell">
      <UniqueIdentifier>{8c87c9e3-2eaf-42e7-b9d5-91a361034257}</UniqueIdentifier>
    </Filter>
    <Filter Include="physics\Base\Objects\BaseShell\PhysicsShellAnimator">
      <UniqueIdentifier>{59ef75bc-16b0-4665-ab80-bbf65dfed628}</UniqueIdentifier>
    </Filter>
    <Filter Include="physics\Base\Objects\Element">
      <UniqueIdentifier>{9b192b9d-2361-463e-918a-3a4d310e3c7d}</UniqueIdentifier>
    </Filter>
    <Filter Include="physics\Base\Objects\Element\Geom">
      <UniqueIdentifier>{ecfb6b99-3c87-4460-a817-2fddadaad451}</UniqueIdentifier>
    </Filter>
    <Filter Include="physics\Base\Objects\Joint">
      <UniqueIdentifier>{41f2b2ce-a33a-48c2-8f86-423a0aa2aa68}</UniqueIdentifier>
    </Filter>
    <Filter Include="physics\Base\Objects\Shell">
      <UniqueIdentifier>{897c3ed3-324b-40c7-be09-0ff513659a48}</UniqueIdentifier>
    </Filter>
    <Filter Include="physics\Base\Objects\Breakable">
      <UniqueIdentifier>{3f6121b4-b574-4737-a045-ceff6631c317}</UniqueIdentifier>
    </Filter>
    <Filter Include="physics\Base\Objects\SplitedShell">
      <UniqueIdentifier>{f9cc5369-577d-4708-8c85-3cea51295007}</UniqueIdentifier>
    </Filter>
    <Filter Include="physics\Base\Objects\PHObject">
      <UniqueIdentifier>{a256b040-dabe-4ba9-8f13-769af50e8d05}</UniqueIdentifier>
    </Filter>
    <Filter Include="physics\Base\Objects\PHIsland">
      <UniqueIdentifier>{c1cabb1e-61f9-40b7-aff3-ef62759e6474}</UniqueIdentifier>
    </Filter>
    <Filter Include="physics\Base\Objects\World">
      <UniqueIdentifier>{d71873fd-ddb2-41f6-8024-c7b6afff9279}</UniqueIdentifier>
    </Filter>
    <Filter Include="physics\Base\Objects\CollideValidator">
      <UniqueIdentifier>{3d30389e-4e02-40e2-a496-ca5357d41b85}</UniqueIdentifier>
    </Filter>
    <Filter Include="physics\Base\Objects\StaticShell">
      <UniqueIdentifier>{843149ef-8c31-4c8f-b362-521bed20da06}</UniqueIdentifier>
    </Filter>
    <Filter Include="physics\Base\Objects\script">
      <UniqueIdentifier>{3a319c75-cb22-47ea-bf3f-7df7b57ba328}</UniqueIdentifier>
    </Filter>
    <Filter Include="physics\Base\Impact">
      <UniqueIdentifier>{f95d15ff-038d-48da-8ced-8e8c2537d7f9}</UniqueIdentifier>
    </Filter>
    <Filter Include="physics\Base\Debug">
      <UniqueIdentifier>{34214eee-5781-417a-aad6-10d359d106fb}</UniqueIdentifier>
    </Filter>
    <Filter Include="physics\camera_collision">
      <UniqueIdentifier>{f54ba331-8c37-49d2-b944-bec96dfafdaa}</UniqueIdentifier>
    </Filter>
    <Filter Include="physics\damage_receiver">
      <UniqueIdentifier>{d70037f7-6700-4226-aec3-400e212dd6a6}</UniqueIdentifier>
    </Filter>
  </ItemGroup>
  <ItemGroup>
    <ClCompile Include="stdafx.cpp">
      <Filter>kernel</Filter>
    </ClCompile>
    <ClCompile Include="xrPhysics.cpp">
      <Filter>kernel</Filter>
    </ClCompile>
    <ClCompile Include="console_vars.cpp">
      <Filter>physics</Filter>
    </ClCompile>
    <ClCompile Include="ShellHit.cpp">
      <Filter>physics</Filter>
    </ClCompile>
    <ClCompile Include="tri-colliderknoopc\dcTriListCollider.cpp">
      <Filter>physics\colliders\tri</Filter>
    </ClCompile>
    <ClCompile Include="tri-colliderknoopc\dSortTriPrimitive.cpp">
      <Filter>physics\colliders\tri</Filter>
    </ClCompile>
    <ClCompile Include="tri-colliderknoopc\dTriBox.cpp">
      <Filter>physics\colliders\tri</Filter>
    </ClCompile>
    <ClCompile Include="tri-colliderknoopc\dTriCallideK.cpp">
      <Filter>physics\colliders\tri</Filter>
    </ClCompile>
    <ClCompile Include="tri-colliderknoopc\dTriCylinder.cpp">
      <Filter>physics\colliders\tri</Filter>
    </ClCompile>
    <ClCompile Include="tri-colliderknoopc\dTriList.cpp">
      <Filter>physics\colliders\tri</Filter>
    </ClCompile>
    <ClCompile Include="tri-colliderknoopc\dTriSphere.cpp">
      <Filter>physics\colliders\tri</Filter>
    </ClCompile>
    <ClCompile Include="dcylinder\dCylinder.cpp">
      <Filter>physics\colliders\cyl</Filter>
    </ClCompile>
    <ClCompile Include="dRayMotions.cpp">
      <Filter>physics\colliders\RayMotions</Filter>
    </ClCompile>
    <ClCompile Include="IActivationShape.cpp">
      <Filter>physics\ActivationBox</Filter>
    </ClCompile>
    <ClCompile Include="PHActivationShape.cpp">
      <Filter>physics\ActivationBox</Filter>
    </ClCompile>
    <ClCompile Include="PhysicsExternalCommon.cpp">
      <Filter>physics\Base</Filter>
    </ClCompile>
    <ClCompile Include="phvalide.cpp">
      <Filter>physics\Base\Objects\Utils</Filter>
    </ClCompile>
    <ClCompile Include="PHInterpolation.cpp">
      <Filter>physics\Base\Objects\Utils\Interpolation</Filter>
    </ClCompile>
    <ClCompile Include="MathUtils.cpp">
      <Filter>physics\Base\Objects\Utils\Math</Filter>
    </ClCompile>
    <ClCompile Include="PHDynamicData.cpp">
      <Filter>physics\Base\Objects\Utils\Math</Filter>
    </ClCompile>
    <ClCompile Include="PHContactBodyEffector.cpp">
      <Filter>physics\Base\Objects\BodyEffectors</Filter>
    </ClCompile>
    <ClCompile Include="..\xrServerEntities\PHNetState.cpp">
      <Filter>physics\Base\Objects\PHNet</Filter>
    </ClCompile>
    <ClCompile Include="PHMoveStorage.cpp">
      <Filter>physics\Base\Objects\MoveStorage</Filter>
    </ClCompile>
    <ClCompile Include="DisablingParams.cpp">
      <Filter>physics\Base\Objects\Disabling</Filter>
    </ClCompile>
    <ClCompile Include="PHDisabling.cpp">
      <Filter>physics\Base\Objects\Disabling</Filter>
    </ClCompile>
    <ClCompile Include="PHActorCharacter.cpp">
      <Filter>physics\Base\Objects\PhyMove\ActorCaracter</Filter>
    </ClCompile>
    <ClCompile Include="PHAICharacter.cpp">
      <Filter>physics\Base\Objects\PhyMove\AICharacter</Filter>
    </ClCompile>
    <ClCompile Include="PHCapture.cpp">
      <Filter>physics\Base\Objects\PhyMove\Capture</Filter>
    </ClCompile>
    <ClCompile Include="PHCaptureInit.cpp">
      <Filter>physics\Base\Objects\PhyMove\Capture</Filter>
    </ClCompile>
    <ClCompile Include="ElevatorState.cpp">
      <Filter>physics\Base\Objects\PhyMove\SipmpleCharacter</Filter>
    </ClCompile>
    <ClCompile Include="PHSimpleCharacter.cpp">
      <Filter>physics\Base\Objects\PhyMove\SipmpleCharacter</Filter>
    </ClCompile>
    <ClCompile Include="MovementBoxDynamicActivate.cpp">
      <Filter>physics\Base\Objects\PhyMove\BaseCharacter</Filter>
    </ClCompile>
    <ClCompile Include="PHCharacter.cpp">
      <Filter>physics\Base\Objects\PhyMove\BaseCharacter</Filter>
    </ClCompile>
    <ClCompile Include="PhysicsShell.cpp">
      <Filter>physics\Base\Objects\BaseShell</Filter>
    </ClCompile>
    <ClCompile Include="PhysicsShellAnimator.cpp">
      <Filter>physics\Base\Objects\BaseShell\PhysicsShellAnimator</Filter>
    </ClCompile>
    <ClCompile Include="PHElement.cpp">
      <Filter>physics\Base\Objects\Element</Filter>
    </ClCompile>
    <ClCompile Include="PHElementNetState.cpp">
      <Filter>physics\Base\Objects\Element</Filter>
    </ClCompile>
    <ClCompile Include="ExtendedGeom.cpp">
      <Filter>physics\Base\Objects\Element\Geom</Filter>
    </ClCompile>
    <ClCompile Include="Geometry.cpp">
      <Filter>physics\Base\Objects\Element\Geom</Filter>
    </ClCompile>
    <ClCompile Include="PHGeometryOwner.cpp">
      <Filter>physics\Base\Objects\Element\Geom</Filter>
    </ClCompile>
    <ClCompile Include="PHJoint.cpp">
      <Filter>physics\Base\Objects\Joint</Filter>
    </ClCompile>
    <ClCompile Include="PHShell.cpp">
      <Filter>physics\Base\Objects\Shell</Filter>
    </ClCompile>
    <ClCompile Include="PHShellActivate.cpp">
      <Filter>physics\Base\Objects\Shell</Filter>
    </ClCompile>
    <ClCompile Include="PHShellNetState.cpp">
      <Filter>physics\Base\Objects\Shell</Filter>
    </ClCompile>
    <ClCompile Include="PHFracture.cpp">
      <Filter>physics\Base\Objects\Breakable</Filter>
    </ClCompile>
    <ClCompile Include="PHJointDestroyInfo.cpp">
      <Filter>physics\Base\Objects\Breakable</Filter>
    </ClCompile>
    <ClCompile Include="PHShellSplitter.cpp">
      <Filter>physics\Base\Objects\Breakable</Filter>
    </ClCompile>
    <ClCompile Include="PHSplitedShell.cpp">
      <Filter>physics\Base\Objects\SplitedShell</Filter>
    </ClCompile>
    <ClCompile Include="PHObject.cpp">
      <Filter>physics\Base\Objects\PHObject</Filter>
    </ClCompile>
    <ClCompile Include="PHIsland.cpp">
      <Filter>physics\Base\Objects\PHIsland</Filter>
    </ClCompile>
    <ClCompile Include="GeometryBits.cpp">
      <Filter>physics\Base\Objects\World</Filter>
    </ClCompile>
    <ClCompile Include="params.cpp">
      <Filter>physics\Base\Objects\World</Filter>
    </ClCompile>
    <ClCompile Include="PHWorld.cpp">
      <Filter>physics\Base\Objects\World</Filter>
    </ClCompile>
    <ClCompile Include="Physics.cpp">
      <Filter>physics\Base\Objects\World</Filter>
    </ClCompile>
    <ClCompile Include="PHCollideValidator.cpp">
      <Filter>physics\Base\Objects\CollideValidator</Filter>
    </ClCompile>
    <ClCompile Include="PHStaticGeomShell.cpp">
      <Filter>physics\Base\Objects\StaticShell</Filter>
    </ClCompile>
    <ClCompile Include="physics_scripted.cpp">
      <Filter>physics\Base\Objects\script</Filter>
    </ClCompile>
    <ClCompile Include="debug_output.cpp">
      <Filter>physics\Base\Debug</Filter>
    </ClCompile>
    <ClCompile Include="ActorCameraCollision.cpp">
      <Filter>physics\camera_collision</Filter>
    </ClCompile>
    <ClCompile Include="collisiondamagereceiver.cpp">
      <Filter>physics\damage_receiver</Filter>
    </ClCompile>
  </ItemGroup>
  <ItemGroup>
    <ClInclude Include="stdafx.h">
      <Filter>kernel</Filter>
    </ClInclude>
    <ClInclude Include="xrPhysics.h">
      <Filter>kernel</Filter>
    </ClInclude>
    <ClInclude Include="console_vars.h">
      <Filter>physics</Filter>
    </ClInclude>
    <ClInclude Include="tri-colliderknoopc\__aabb_tri.h">
      <Filter>physics\colliders\tri</Filter>
    </ClInclude>
    <ClInclude Include="tri-colliderknoopc\dcTriangle.h">
      <Filter>physics\colliders\tri</Filter>
    </ClInclude>
    <ClInclude Include="tri-colliderknoopc\dcTriListCollider.h">
      <Filter>physics\colliders\tri</Filter>
    </ClInclude>
    <ClInclude Include="tri-colliderknoopc\dSortTriPrimitive.h">
      <Filter>physics\colliders\tri</Filter>
    </ClInclude>
    <ClInclude Include="tri-colliderknoopc\dTriBox.h">
      <Filter>physics\colliders\tri</Filter>
    </ClInclude>
    <ClInclude Include="tri-colliderknoopc\dTriCollideK.h">
      <Filter>physics\colliders\tri</Filter>
    </ClInclude>
    <ClInclude Include="tri-colliderknoopc\dTriColliderCommon.h">
      <Filter>physics\colliders\tri</Filter>
    </ClInclude>
    <ClInclude Include="tri-colliderknoopc\dTriColliderMath.h">
      <Filter>physics\colliders\tri</Filter>
    </ClInclude>
    <ClInclude Include="tri-colliderknoopc\dTriCylinder.h">
      <Filter>physics\colliders\tri</Filter>
    </ClInclude>
    <ClInclude Include="tri-colliderknoopc\dTriList.h">
      <Filter>physics\colliders\tri</Filter>
    </ClInclude>
    <ClInclude Include="tri-colliderknoopc\dTriSphere.h">
      <Filter>physics\colliders\tri</Filter>
    </ClInclude>
    <ClInclude Include="tri-colliderknoopc\dxTriList.h">
      <Filter>physics\colliders\tri</Filter>
    </ClInclude>
    <ClInclude Include="tri-colliderknoopc\TriPrimitiveCollideClassDef.h">
      <Filter>physics\colliders\tri</Filter>
    </ClInclude>
    <ClInclude Include="dcylinder\dCylinder.h">
      <Filter>physics\colliders\cyl</Filter>
    </ClInclude>
    <ClInclude Include="dRayMotions.h">
      <Filter>physics\colliders\RayMotions</Filter>
    </ClInclude>
    <ClInclude Include="IActivationShape.h">
      <Filter>physics\ActivationBox</Filter>
    </ClInclude>
    <ClInclude Include="PHActivationShape.h">
      <Filter>physics\ActivationBox</Filter>
    </ClInclude>
    <ClInclude Include="DamageSource.h">
      <Filter>physics\Base</Filter>
    </ClInclude>
    <ClInclude Include="ode_include.h">
      <Filter>physics\Base</Filter>
    </ClInclude>
    <ClInclude Include="ode_redefine.h">
      <Filter>physics\Base</Filter>
    </ClInclude>
    <ClInclude Include="PhysicsCommon.h">
      <Filter>physics\Base</Filter>
    </ClInclude>
    <ClInclude Include="PhysicsExternalCommon.h">
      <Filter>physics\Base</Filter>
    </ClInclude>
    <ClInclude Include="PHDefs.h">
      <Filter>physics\Base\Objects</Filter>
    </ClInclude>
    <ClInclude Include="ph_valid_ode.h">
      <Filter>physics\Base\Objects\Utils</Filter>
    </ClInclude>
    <ClInclude Include="phvalide.h">
      <Filter>physics\Base\Objects\Utils</Filter>
    </ClInclude>
    <ClInclude Include="PHValideValues.h">
      <Filter>physics\Base\Objects\Utils</Filter>
    </ClInclude>
    <ClInclude Include="PHInterpolation.h">
      <Filter>physics\Base\Objects\Utils\Interpolation</Filter>
    </ClInclude>
    <ClInclude Include="BlockAllocator.h">
      <Filter>physics\Base\Objects\Utils\Storage</Filter>
    </ClInclude>
    <ClInclude Include="CycleConstStorage.h">
      <Filter>physics\Base\Objects\Utils\Storage</Filter>
    </ClInclude>
    <ClInclude Include="CalculateTriangle.h">
      <Filter>physics\Base\Objects\Utils\Math</Filter>
    </ClInclude>
    <ClInclude Include="MathUtils.h">
      <Filter>physics\Base\Objects\Utils\Math</Filter>
    </ClInclude>
    <ClInclude Include="MathUtilsOde.h">
      <Filter>physics\Base\Objects\Utils\Math</Filter>
    </ClInclude>
    <ClInclude Include="matrix_utils.h">
      <Filter>physics\Base\Objects\Utils\Math</Filter>
    </ClInclude>
    <ClInclude Include="PHDynamicData.h">
      <Filter>physics\Base\Objects\Utils\Math</Filter>
    </ClInclude>
    <ClInclude Include="PHBaseBodyEffector.h">
      <Filter>physics\Base\Objects\BodyEffectors</Filter>
    </ClInclude>
    <ClInclude Include="PHContactBodyEffector.h">
      <Filter>physics\Base\Objects\BodyEffectors</Filter>
    </ClInclude>
    <ClInclude Include="..\xrServerEntities\PHNetState.h">
      <Filter>physics\Base\Objects\PHNet</Filter>
    </ClInclude>
    <ClInclude Include="PHMoveStorage.h">
      <Filter>physics\Base\Objects\MoveStorage</Filter>
    </ClInclude>
    <ClInclude Include="DisablingParams.h">
      <Filter>physics\Base\Objects\Disabling</Filter>
    </ClInclude>
    <ClInclude Include="PHDisabling.h">
      <Filter>physics\Base\Objects\Disabling</Filter>
    </ClInclude>
    <ClInclude Include="PHActorCharacter.h">
      <Filter>physics\Base\Objects\PhyMove\ActorCaracter</Filter>
    </ClInclude>
    <ClInclude Include="PHActorCharacterInline.h">
      <Filter>physics\Base\Objects\PhyMove\ActorCaracter</Filter>
    </ClInclude>
    <ClInclude Include="PHAICharacter.h">
      <Filter>physics\Base\Objects\PhyMove\AICharacter</Filter>
    </ClInclude>
    <ClInclude Include="IPHCapture.h">
      <Filter>physics\Base\Objects\PhyMove\Capture</Filter>
    </ClInclude>
    <ClInclude Include="PHCapture.h">
      <Filter>physics\Base\Objects\PhyMove\Capture</Filter>
    </ClInclude>
    <ClInclude Include="ElevatorState.h">
      <Filter>physics\Base\Objects\PhyMove\SipmpleCharacter</Filter>
    </ClInclude>
    <ClInclude Include="iclimableobject.h">
      <Filter>physics\Base\Objects\PhyMove\SipmpleCharacter</Filter>
    </ClInclude>
    <ClInclude Include="IElevatorState.h">
      <Filter>physics\Base\Objects\PhyMove\SipmpleCharacter</Filter>
    </ClInclude>
    <ClInclude Include="PHSimpleCharacter.h">
      <Filter>physics\Base\Objects\PhyMove\SipmpleCharacter</Filter>
    </ClInclude>
    <ClInclude Include="PHSimpleCharacterInline.h">
      <Filter>physics\Base\Objects\PhyMove\SipmpleCharacter</Filter>
    </ClInclude>
    <ClInclude Include="IColisiondamageInfo.h">
      <Filter>physics\Base\Objects\PhyMove\BaseCharacter</Filter>
    </ClInclude>
    <ClInclude Include="MovementBoxDynamicActivate.h">
      <Filter>physics\Base\Objects\PhyMove\BaseCharacter</Filter>
    </ClInclude>
    <ClInclude Include="PHCharacter.h">
      <Filter>physics\Base\Objects\PhyMove\BaseCharacter</Filter>
    </ClInclude>
    <ClInclude Include="IPhysicsShellHolder.h">
      <Filter>physics\Base\Objects\BaseShell</Filter>
    </ClInclude>
    <ClInclude Include="PhysicsShell.h">
      <Filter>physics\Base\Objects\BaseShell</Filter>
    </ClInclude>
    <ClInclude Include="PhysicsShellAnimator.h">
      <Filter>physics\Base\Objects\BaseShell\PhysicsShellAnimator</Filter>
    </ClInclude>
    <ClInclude Include="PhysicsShellAnimatorBoneData.h">
      <Filter>physics\Base\Objects\BaseShell\PhysicsShellAnimator</Filter>
    </ClInclude>
    <ClInclude Include="PHElement.h">
      <Filter>physics\Base\Objects\Element</Filter>
    </ClInclude>
    <ClInclude Include="PHElementInline.h">
      <Filter>physics\Base\Objects\Element</Filter>
    </ClInclude>
    <ClInclude Include="ExtendedGeom.h">
      <Filter>physics\Base\Objects\Element\Geom</Filter>
    </ClInclude>
    <ClInclude Include="Geometry.h">
      <Filter>physics\Base\Objects\Element\Geom</Filter>
    </ClInclude>
    <ClInclude Include="PHGeometryOwner.h">
      <Filter>physics\Base\Objects\Element\Geom</Filter>
    </ClInclude>
    <ClInclude Include="PHJoint.h">
      <Filter>physics\Base\Objects\Joint</Filter>
    </ClInclude>
    <ClInclude Include="PHShell.h">
      <Filter>physics\Base\Objects\Shell</Filter>
    </ClInclude>
    <ClInclude Include="PHShellBuildJoint.h">
      <Filter>physics\Base\Objects\Shell</Filter>
    </ClInclude>
    <ClInclude Include="PHFracture.h">
      <Filter>physics\Base\Objects\Breakable</Filter>
    </ClInclude>
    <ClInclude Include="PHJointDestroyInfo.h">
      <Filter>physics\Base\Objects\Breakable</Filter>
    </ClInclude>
    <ClInclude Include="PHShellSplitter.h">
      <Filter>physics\Base\Objects\Breakable</Filter>
    </ClInclude>
    <ClInclude Include="PHSplitedShell.h">
      <Filter>physics\Base\Objects\SplitedShell</Filter>
    </ClInclude>
    <ClInclude Include="PHObject.h">
      <Filter>physics\Base\Objects\PHObject</Filter>
    </ClInclude>
    <ClInclude Include="PHUpdateObject.h">
      <Filter>physics\Base\Objects\PHObject</Filter>
    </ClInclude>
    <ClInclude Include="PHIsland.h">
      <Filter>physics\Base\Objects\PHIsland</Filter>
    </ClInclude>
    <ClInclude Include="GeometryBits.h">
      <Filter>physics\Base\Objects\World</Filter>
    </ClInclude>
    <ClInclude Include="IPHWorld.h">
      <Filter>physics\Base\Objects\World</Filter>
    </ClInclude>
    <ClInclude Include="params.h">
      <Filter>physics\Base\Objects\World</Filter>
    </ClInclude>
    <ClInclude Include="PHItemList.h">
      <Filter>physics\Base\Objects\World</Filter>
    </ClInclude>
    <ClInclude Include="PHWorld.h">
      <Filter>physics\Base\Objects\World</Filter>
    </ClInclude>
    <ClInclude Include="Physics.h">
      <Filter>physics\Base\Objects\World</Filter>
    </ClInclude>
    <ClInclude Include="ICollideValidator.h">
      <Filter>physics\Base\Objects\CollideValidator</Filter>
    </ClInclude>
    <ClInclude Include="PHCollideValidator.h">
      <Filter>physics\Base\Objects\CollideValidator</Filter>
    </ClInclude>
    <ClInclude Include="IPHStaticGeomShell.h">
      <Filter>physics\Base\Objects\StaticShell</Filter>
    </ClInclude>
    <ClInclude Include="PHStaticGeomShell.h">
      <Filter>physics\Base\Objects\StaticShell</Filter>
    </ClInclude>
    <ClInclude Include="iphysics_scripted.h">
      <Filter>physics\Base\Objects\script</Filter>
    </ClInclude>
    <ClInclude Include="physics_scripted.h">
      <Filter>physics\Base\Objects\script</Filter>
    </ClInclude>
    <ClInclude Include="PHImpact.h">
      <Filter>physics\Base\Impact</Filter>
    </ClInclude>
    <ClInclude Include="debug_output.h">
      <Filter>physics\Base\Debug</Filter>
    </ClInclude>
    <ClInclude Include="ActorCameraCollision.h">
      <Filter>physics\camera_collision</Filter>
    </ClInclude>
    <ClInclude Include="icollisiondamagereceiver.h">
      <Filter>physics\damage_receiver</Filter>
    </ClInclude>
  </ItemGroup>
</Project>